{
    "_readme": [
        "This file locks the dependencies of your project to a known state",
        "Read more about it at https://getcomposer.org/doc/01-basic-usage.md#installing-dependencies",
        "This file is @generated automatically"
    ],
    "content-hash": "8d1a2ceb1cc4fd77ac92ea6ab3abfeac",
    "packages": [
        {
            "name": "guzzlehttp/guzzle",
            "version": "6.5.x-dev",
            "source": {
                "type": "git",
                "url": "https://github.com/guzzle/guzzle.git",
                "reference": "e8ed4dbf49b260ff129ff0e0400718c3269971bf"
            },
            "dist": {
                "type": "zip",
                "url": "https://api.github.com/repos/guzzle/guzzle/zipball/e8ed4dbf49b260ff129ff0e0400718c3269971bf",
                "reference": "e8ed4dbf49b260ff129ff0e0400718c3269971bf",
                "shasum": ""
            },
            "require": {
                "ext-json": "*",
                "guzzlehttp/promises": "^1.0",
                "guzzlehttp/psr7": "^1.6.1",
                "php": ">=5.5",
                "symfony/polyfill-intl-idn": "^1.17.0"
            },
            "require-dev": {
                "ext-curl": "*",
                "phpunit/phpunit": "^4.8.35 || ^5.7 || ^6.4 || ^7.0",
                "psr/log": "^1.1"
            },
            "suggest": {
                "psr/log": "Required for using the Log middleware"
            },
            "type": "library",
            "extra": {
                "branch-alias": {
                    "dev-master": "6.5-dev"
                }
            },
            "autoload": {
                "psr-4": {
                    "GuzzleHttp\\": "src/"
                },
                "files": [
                    "src/functions_include.php"
                ]
            },
            "notification-url": "https://packagist.org/downloads/",
            "license": [
                "MIT"
            ],
            "authors": [
                {
                    "name": "Michael Dowling",
                    "email": "mtdowling@gmail.com",
                    "homepage": "https://github.com/mtdowling"
                }
            ],
            "description": "Guzzle is a PHP HTTP client library",
            "homepage": "http://guzzlephp.org/",
            "keywords": [
                "client",
                "curl",
                "framework",
                "http",
                "http client",
                "rest",
                "web service"
            ],
            "funding": [
                {
                    "url": "https://github.com/GrahamCampbell",
                    "type": "github"
                },
                {
                    "url": "https://github.com/Nyholm",
                    "type": "github"
                },
                {
                    "url": "https://github.com/alexeyshockov",
                    "type": "github"
                },
                {
                    "url": "https://github.com/gmponos",
                    "type": "github"
                },
                {
                    "url": "https://github.com/sagikazarmark",
                    "type": "github"
                }
            ],
            "time": "2020-07-02T06:52:04+00:00"
        },
        {
            "name": "guzzlehttp/promises",
            "version": "dev-master",
            "source": {
                "type": "git",
                "url": "https://github.com/guzzle/promises.git",
                "reference": "8e7d04f1f6450fef59366c399cfad4b9383aa30d"
            },
            "dist": {
                "type": "zip",
                "url": "https://api.github.com/repos/guzzle/promises/zipball/8e7d04f1f6450fef59366c399cfad4b9383aa30d",
                "reference": "8e7d04f1f6450fef59366c399cfad4b9383aa30d",
                "shasum": ""
            },
            "require": {
                "php": ">=5.5"
            },
            "require-dev": {
                "symfony/phpunit-bridge": "^4.4 || ^5.1"
            },
            "type": "library",
            "extra": {
                "branch-alias": {
                    "dev-master": "1.4-dev"
                }
            },
            "autoload": {
                "psr-4": {
                    "GuzzleHttp\\Promise\\": "src/"
                },
                "files": [
                    "src/functions_include.php"
                ]
            },
            "notification-url": "https://packagist.org/downloads/",
            "license": [
                "MIT"
            ],
            "authors": [
                {
                    "name": "Michael Dowling",
                    "email": "mtdowling@gmail.com",
                    "homepage": "https://github.com/mtdowling"
                }
            ],
            "description": "Guzzle promises library",
            "keywords": [
                "promise"
            ],
            "time": "2021-03-07T09:25:29+00:00"
        },
        {
            "name": "guzzlehttp/psr7",
            "version": "1.x-dev",
            "source": {
                "type": "git",
                "url": "https://github.com/guzzle/psr7.git",
                "reference": "dc960a912984efb74d0a90222870c72c87f10c91"
            },
            "dist": {
                "type": "zip",
                "url": "https://api.github.com/repos/guzzle/psr7/zipball/dc960a912984efb74d0a90222870c72c87f10c91",
                "reference": "dc960a912984efb74d0a90222870c72c87f10c91",
                "shasum": ""
            },
            "require": {
                "php": ">=5.4.0",
                "psr/http-message": "~1.0",
                "ralouphie/getallheaders": "^2.0.5 || ^3.0.0"
            },
            "provide": {
                "psr/http-message-implementation": "1.0"
            },
            "require-dev": {
                "ext-zlib": "*",
                "phpunit/phpunit": "~4.8.36 || ^5.7.27 || ^6.5.14 || ^7.5.20 || ^8.5.8 || ^9.3.10"
            },
            "suggest": {
                "laminas/laminas-httphandlerrunner": "Emit PSR-7 responses"
            },
            "type": "library",
            "extra": {
                "branch-alias": {
                    "dev-master": "1.7-dev"
                }
            },
            "autoload": {
                "psr-4": {
                    "GuzzleHttp\\Psr7\\": "src/"
                },
                "files": [
                    "src/functions_include.php"
                ]
            },
            "notification-url": "https://packagist.org/downloads/",
            "license": [
                "MIT"
            ],
            "authors": [
                {
                    "name": "Michael Dowling",
                    "email": "mtdowling@gmail.com",
                    "homepage": "https://github.com/mtdowling"
                },
                {
                    "name": "Tobias Schultze",
                    "homepage": "https://github.com/Tobion"
                }
            ],
            "description": "PSR-7 message implementation that also provides common utility methods",
            "keywords": [
                "http",
                "message",
                "psr-7",
                "request",
                "response",
                "stream",
                "uri",
                "url"
            ],
            "time": "2021-04-26T09:17:50+00:00"
        },
        {
            "name": "psr/http-message",
            "version": "dev-master",
            "source": {
                "type": "git",
                "url": "https://github.com/php-fig/http-message.git",
                "reference": "efd67d1dc14a7ef4fc4e518e7dee91c271d524e4"
            },
            "dist": {
                "type": "zip",
                "url": "https://api.github.com/repos/php-fig/http-message/zipball/efd67d1dc14a7ef4fc4e518e7dee91c271d524e4",
                "reference": "efd67d1dc14a7ef4fc4e518e7dee91c271d524e4",
                "shasum": ""
            },
            "require": {
                "php": ">=5.3.0"
            },
            "type": "library",
            "extra": {
                "branch-alias": {
                    "dev-master": "1.0.x-dev"
                }
            },
            "autoload": {
                "psr-4": {
                    "Psr\\Http\\Message\\": "src/"
                }
            },
            "notification-url": "https://packagist.org/downloads/",
            "license": [
                "MIT"
            ],
            "authors": [
                {
                    "name": "PHP-FIG",
                    "homepage": "http://www.php-fig.org/"
                }
            ],
            "description": "Common interface for HTTP messages",
            "homepage": "https://github.com/php-fig/http-message",
            "keywords": [
                "http",
                "http-message",
                "psr",
                "psr-7",
                "request",
                "response"
            ],
            "time": "2019-08-29T13:16:46+00:00"
        },
        {
            "name": "ralouphie/getallheaders",
            "version": "3.0.3",
            "source": {
                "type": "git",
                "url": "https://github.com/ralouphie/getallheaders.git",
                "reference": "120b605dfeb996808c31b6477290a714d356e822"
            },
            "dist": {
                "type": "zip",
                "url": "https://api.github.com/repos/ralouphie/getallheaders/zipball/120b605dfeb996808c31b6477290a714d356e822",
                "reference": "120b605dfeb996808c31b6477290a714d356e822",
                "shasum": ""
            },
            "require": {
                "php": ">=5.6"
            },
            "require-dev": {
                "php-coveralls/php-coveralls": "^2.1",
                "phpunit/phpunit": "^5 || ^6.5"
            },
            "type": "library",
            "autoload": {
                "files": [
                    "src/getallheaders.php"
                ]
            },
            "notification-url": "https://packagist.org/downloads/",
            "license": [
                "MIT"
            ],
            "authors": [
                {
                    "name": "Ralph Khattar",
                    "email": "ralph.khattar@gmail.com"
                }
            ],
            "description": "A polyfill for getallheaders.",
            "time": "2019-03-08T08:55:37+00:00"
        },
        {
            "name": "symfony/polyfill-intl-idn",
            "version": "dev-main",
            "source": {
                "type": "git",
                "url": "https://github.com/symfony/polyfill-intl-idn.git",
                "reference": "65bd267525e82759e7d8c4e8ceea44f398838e65"
            },
            "dist": {
                "type": "zip",
                "url": "https://api.github.com/repos/symfony/polyfill-intl-idn/zipball/65bd267525e82759e7d8c4e8ceea44f398838e65",
                "reference": "65bd267525e82759e7d8c4e8ceea44f398838e65",
                "shasum": ""
            },
            "require": {
                "php": ">=7.1",
                "symfony/polyfill-intl-normalizer": "^1.10",
                "symfony/polyfill-php72": "^1.10"
            },
            "suggest": {
                "ext-intl": "For best performance"
            },
            "type": "library",
            "extra": {
                "branch-alias": {
                    "dev-main": "1.23-dev"
                },
                "thanks": {
                    "name": "symfony/polyfill",
                    "url": "https://github.com/symfony/polyfill"
                }
            },
            "autoload": {
                "psr-4": {
                    "Symfony\\Polyfill\\Intl\\Idn\\": ""
                },
                "files": [
                    "bootstrap.php"
                ]
            },
            "notification-url": "https://packagist.org/downloads/",
            "license": [
                "MIT"
            ],
            "authors": [
                {
                    "name": "Laurent Bassin",
                    "email": "laurent@bassin.info"
                },
                {
                    "name": "Trevor Rowbotham",
                    "email": "trevor.rowbotham@pm.me"
                },
                {
                    "name": "Symfony Community",
                    "homepage": "https://symfony.com/contributors"
                }
            ],
            "description": "Symfony polyfill for intl's idn_to_ascii and idn_to_utf8 functions",
            "homepage": "https://symfony.com",
            "keywords": [
                "compatibility",
                "idn",
                "intl",
                "polyfill",
                "portable",
                "shim"
            ],
            "funding": [
                {
                    "url": "https://symfony.com/sponsor",
                    "type": "custom"
                },
                {
                    "url": "https://github.com/fabpot",
                    "type": "github"
                },
                {
                    "url": "https://tidelift.com/funding/github/packagist/symfony/symfony",
                    "type": "tidelift"
                }
            ],
            "time": "2021-05-27T09:27:20+00:00"
        },
        {
            "name": "symfony/polyfill-intl-normalizer",
            "version": "dev-main",
            "source": {
                "type": "git",
                "url": "https://github.com/symfony/polyfill-intl-normalizer.git",
                "reference": "8590a5f561694770bdcd3f9b5c69dde6945028e8"
            },
            "dist": {
                "type": "zip",
                "url": "https://api.github.com/repos/symfony/polyfill-intl-normalizer/zipball/8590a5f561694770bdcd3f9b5c69dde6945028e8",
                "reference": "8590a5f561694770bdcd3f9b5c69dde6945028e8",
                "shasum": ""
            },
            "require": {
                "php": ">=7.1"
            },
            "suggest": {
                "ext-intl": "For best performance"
            },
            "type": "library",
            "extra": {
                "branch-alias": {
                    "dev-main": "1.23-dev"
                },
                "thanks": {
                    "name": "symfony/polyfill",
                    "url": "https://github.com/symfony/polyfill"
                }
            },
            "autoload": {
                "psr-4": {
                    "Symfony\\Polyfill\\Intl\\Normalizer\\": ""
                },
                "files": [
                    "bootstrap.php"
                ],
                "classmap": [
                    "Resources/stubs"
                ]
            },
            "notification-url": "https://packagist.org/downloads/",
            "license": [
                "MIT"
            ],
            "authors": [
                {
                    "name": "Nicolas Grekas",
                    "email": "p@tchwork.com"
                },
                {
                    "name": "Symfony Community",
                    "homepage": "https://symfony.com/contributors"
                }
            ],
            "description": "Symfony polyfill for intl's Normalizer class and related functions",
            "homepage": "https://symfony.com",
            "keywords": [
                "compatibility",
                "intl",
                "normalizer",
                "polyfill",
                "portable",
                "shim"
            ],
            "funding": [
                {
                    "url": "https://symfony.com/sponsor",
                    "type": "custom"
                },
                {
                    "url": "https://github.com/fabpot",
                    "type": "github"
                },
                {
                    "url": "https://tidelift.com/funding/github/packagist/symfony/symfony",
                    "type": "tidelift"
                }
            ],
            "time": "2021-02-19T12:13:01+00:00"
        },
        {
            "name": "symfony/polyfill-php72",
            "version": "dev-main",
            "source": {
                "type": "git",
                "url": "https://github.com/symfony/polyfill-php72.git",
                "reference": "9a142215a36a3888e30d0a9eeea9766764e96976"
            },
            "dist": {
                "type": "zip",
                "url": "https://api.github.com/repos/symfony/polyfill-php72/zipball/9a142215a36a3888e30d0a9eeea9766764e96976",
                "reference": "9a142215a36a3888e30d0a9eeea9766764e96976",
                "shasum": ""
            },
            "require": {
                "php": ">=7.1"
            },
            "type": "library",
            "extra": {
                "branch-alias": {
                    "dev-main": "1.23-dev"
                },
                "thanks": {
                    "name": "symfony/polyfill",
                    "url": "https://github.com/symfony/polyfill"
                }
            },
            "autoload": {
                "psr-4": {
                    "Symfony\\Polyfill\\Php72\\": ""
                },
                "files": [
                    "bootstrap.php"
                ]
            },
            "notification-url": "https://packagist.org/downloads/",
            "license": [
                "MIT"
            ],
            "authors": [
                {
                    "name": "Nicolas Grekas",
                    "email": "p@tchwork.com"
                },
                {
                    "name": "Symfony Community",
                    "homepage": "https://symfony.com/contributors"
                }
            ],
            "description": "Symfony polyfill backporting some PHP 7.2+ features to lower PHP versions",
            "homepage": "https://symfony.com",
            "keywords": [
                "compatibility",
                "polyfill",
                "portable",
                "shim"
            ],
            "funding": [
                {
                    "url": "https://symfony.com/sponsor",
                    "type": "custom"
                },
                {
                    "url": "https://github.com/fabpot",
                    "type": "github"
                },
                {
                    "url": "https://tidelift.com/funding/github/packagist/symfony/symfony",
                    "type": "tidelift"
                }
            ],
            "time": "2021-05-27T09:17:38+00:00"
        },
        {
            "name": "zvps/ebay-sell-account-php-client",
            "version": "dev-main",
            "source": {
                "type": "git",
                "url": "https://github.com/zvps/ebay-sell-account-php-client.git",
                "reference": "38324111e7ce67fe6054ff955b53ee4c35914a06"
            },
            "require": {
                "ext-curl": "*",
                "ext-json": "*",
                "ext-mbstring": "*",
                "guzzlehttp/guzzle": "^6.2",
                "php": ">=5.6"
            },
            "require-dev": {
                "friendsofphp/php-cs-fixer": "^2.12",
                "phpunit/phpunit": "^8.0 || ^9.0"
            },
            "type": "library",
            "autoload": {
                "psr-4": {
                    "Ebay\\Sell\\": "lib/"
                }
            },
            "autoload-dev": {
                "psr-4": {
                    "Ebay\\Sell\\Test\\": "test/"
                }
            },
            "license": [
                "unlicense"
            ],
            "authors": [
                {
                    "name": "OpenAPI-Generator contributors",
                    "homepage": "https://openapi-generator.tech"
                }
            ],
            "description": "The Account API gives sellers the ability to configure their eBay seller accounts, including the seller's policies (the Fulfillment Policy, Payment Policy, and Return Policy), opt in and out of eBay seller programs, configure sales tax tables, and get account information. For details on the availability of the methods in this API, see Account API requirements and restrictions.",
            "homepage": "https://openapi-generator.tech",
            "keywords": [
                "api",
                "openapi",
                "openapi-generator",
                "openapitools",
                "php",
                "rest",
                "sdk"
            ],
            "time": "2021-07-29T15:18:49+00:00"
        },
        {
            "name": "zvps/ebay-sell-analytics-php-client",
            "version": "dev-main",
            "source": {
                "type": "git",
                "url": "https://github.com/zvps/ebay-sell-analytics-php-client.git",
                "reference": "f91a0c2b03a4da15349f58a168379269365bd3f1"
            },
            "require": {
                "ext-curl": "*",
                "ext-json": "*",
                "ext-mbstring": "*",
                "guzzlehttp/guzzle": "^6.2",
                "php": ">=5.6"
            },
            "require-dev": {
                "friendsofphp/php-cs-fixer": "^2.12",
                "phpunit/phpunit": "^8.0 || ^9.0"
            },
            "type": "library",
            "autoload": {
                "psr-4": {
                    "Ebay\\Sell\\": "lib/"
                }
            },
            "autoload-dev": {
                "psr-4": {
                    "Ebay\\Sell\\Test\\": "test/"
                }
            },
            "license": [
                "unlicense"
            ],
            "authors": [
                {
                    "name": "OpenAPI-Generator contributors",
                    "homepage": "https://openapi-generator.tech"
                }
            ],
            "description": "The Analytics API provides data and information about a seller and their eBay business. The resources and methods in this API let sellers review information on their listing performance, metrics on their customer service performance, and details on their eBay seller performance rating. The three resources in the Analytics API provide the following data and information: Customer Service Metric &ndash; Returns data on a seller's customer service performance as compared to other seller's in the same peer group. Traffic Report &ndash; Returns data that shows how buyers are engaging with a seller's listings. Seller Standards Profile &ndash; Returns data pertaining to a seller's performance rating. Sellers can use the data and information returned by the various Analytics API methods to determine where they can make improvements to increase sales and how they might improve their seller status as viewed by eBay buyers. For details on using this API, see Analyzing seller performance.",
            "homepage": "https://openapi-generator.tech",
            "keywords": [
                "api",
                "openapi",
                "openapi-generator",
                "openapitools",
                "php",
                "rest",
                "sdk"
            ],
            "time": "2021-07-29T15:20:23+00:00"
        },
        {
            "name": "zvps/ebay-sell-compliance-php-client",
            "version": "dev-main",
            "source": {
                "type": "git",
                "url": "https://github.com/zvps/ebay-sell-compliance-php-client.git",
                "reference": "b9ae58318bc91b33c39517dd194acbb2c215c83c"
            },
            "require": {
                "ext-curl": "*",
                "ext-json": "*",
                "ext-mbstring": "*",
                "guzzlehttp/guzzle": "^6.2",
                "php": ">=5.6"
            },
            "require-dev": {
                "friendsofphp/php-cs-fixer": "^2.12",
                "phpunit/phpunit": "^8.0 || ^9.0"
            },
            "type": "library",
            "autoload": {
                "psr-4": {
                    "Ebay\\Sell\\": "lib/"
                }
            },
            "autoload-dev": {
                "psr-4": {
                    "Ebay\\Sell\\Test\\": "test/"
                }
            },
            "license": [
                "unlicense"
            ],
            "authors": [
                {
                    "name": "OpenAPI-Generator contributors",
                    "homepage": "https://openapi-generator.tech"
                }
            ],
            "description": "Service for providing information to sellers about their listings being non-compliant, or at risk for becoming non-compliant, against eBay listing policies.",
            "homepage": "https://openapi-generator.tech",
            "keywords": [
                "api",
                "openapi",
                "openapi-generator",
                "openapitools",
                "php",
                "rest",
                "sdk"
            ],
            "time": "2021-07-29T15:20:39+00:00"
        },
        {
            "name": "zvps/ebay-sell-feed-php-client",
            "version": "dev-main",
            "source": {
                "type": "git",
                "url": "https://github.com/zvps/ebay-sell-feed-php-client.git",
                "reference": "a65c3235ab476306884788116fdc378d20c9a9ea"
            },
            "require": {
                "ext-curl": "*",
                "ext-json": "*",
                "ext-mbstring": "*",
                "guzzlehttp/guzzle": "^6.2",
                "php": ">=5.6"
            },
            "require-dev": {
                "friendsofphp/php-cs-fixer": "^2.12",
                "phpunit/phpunit": "^8.0 || ^9.0"
            },
            "type": "library",
            "autoload": {
                "psr-4": {
                    "Ebay\\Sell\\": "lib/"
                }
            },
            "autoload-dev": {
                "psr-4": {
                    "Ebay\\Sell\\Test\\": "test/"
                }
            },
            "license": [
                "unlicense"
            ],
            "authors": [
                {
                    "name": "OpenAPI-Generator contributors",
                    "homepage": "https://openapi-generator.tech"
                }
            ],
            "description": "The Feed API lets sellers upload input files, download reports and files including their status, filter reports using URI parameters, and retrieve customer service metrics task details.",
            "homepage": "https://openapi-generator.tech",
            "keywords": [
                "api",
                "openapi",
                "openapi-generator",
                "openapitools",
                "php",
                "rest",
                "sdk"
            ],
            "time": "2021-07-29T15:20:54+00:00"
        },
        {
            "name": "zvps/ebay-sell-finances-php-client",
            "version": "dev-main",
            "source": {
                "type": "git",
                "url": "https://github.com/zvps/ebay-sell-finances-php-client.git",
                "reference": "7a2a4cb498993e2872d55b7c5324e8c013990eb8"
            },
            "require": {
                "ext-curl": "*",
                "ext-json": "*",
                "ext-mbstring": "*",
                "guzzlehttp/guzzle": "^6.2",
                "php": ">=5.6"
            },
            "require-dev": {
                "friendsofphp/php-cs-fixer": "^2.12",
                "phpunit/phpunit": "^8.0 || ^9.0"
            },
            "type": "library",
            "autoload": {
                "psr-4": {
                    "Ebay\\Sell\\": "lib/"
                }
            },
            "autoload-dev": {
                "psr-4": {
                    "Ebay\\Sell\\Test\\": "test/"
                }
            },
            "license": [
                "unlicense"
            ],
            "authors": [
                {
                    "name": "OpenAPI-Generator contributors",
                    "homepage": "https://openapi-generator.tech"
                }
            ],
            "description": "This API is used to retrieve seller payouts and monetary transaction details related to those payouts.",
            "homepage": "https://openapi-generator.tech",
            "keywords": [
                "api",
                "openapi",
                "openapi-generator",
                "openapitools",
                "php",
                "rest",
                "sdk"
            ],
            "time": "2021-07-29T15:21:05+00:00"
        },
        {
            "name": "zvps/ebay-sell-fulfillment-php-client",
            "version": "dev-main",
            "source": {
                "type": "git",
                "url": "https://github.com/zvps/ebay-sell-fulfillment-php-client.git",
                "reference": "06195745e182ef6a094055c6c9a723664b97c56b"
            },
            "require": {
                "ext-curl": "*",
                "ext-json": "*",
                "ext-mbstring": "*",
                "guzzlehttp/guzzle": "^6.2",
                "php": ">=5.6"
            },
            "require-dev": {
                "friendsofphp/php-cs-fixer": "^2.12",
                "phpunit/phpunit": "^8.0 || ^9.0"
            },
            "type": "library",
            "autoload": {
                "psr-4": {
                    "Ebay\\Sell\\": "lib/"
                }
            },
            "autoload-dev": {
                "psr-4": {
                    "Ebay\\Sell\\Test\\": "test/"
                }
            },
            "license": [
                "unlicense"
            ],
            "authors": [
                {
                    "name": "OpenAPI-Generator contributors",
                    "homepage": "https://openapi-generator.tech"
                }
            ],
            "description": "Use the Fulfillment API to complete the process of packaging, addressing, handling, and shipping each order on behalf of the seller, in accordance with the payment method and timing specified at checkout.",
            "homepage": "https://openapi-generator.tech",
            "keywords": [
                "api",
                "openapi",
                "openapi-generator",
                "openapitools",
                "php",
                "rest",
                "sdk"
            ],
            "time": "2021-07-29T15:21:16+00:00"
        },
        {
            "name": "zvps/ebay-sell-inventory-php-client",
            "version": "dev-main",
            "source": {
                "type": "git",
                "url": "https://github.com/zvps/ebay-sell-inventory-php-client.git",
                "reference": "7f13960374e0b52de2207b04a208c9eeb7418c59"
            },
            "require": {
                "ext-curl": "*",
                "ext-json": "*",
                "ext-mbstring": "*",
                "guzzlehttp/guzzle": "^6.2",
                "php": ">=5.6"
            },
            "require-dev": {
                "friendsofphp/php-cs-fixer": "^2.12",
                "phpunit/phpunit": "^8.0 || ^9.0"
            },
            "type": "library",
            "autoload": {
                "psr-4": {
                    "Ebay\\Sell\\": "lib/"
                }
            },
            "autoload-dev": {
                "psr-4": {
                    "Ebay\\Sell\\Test\\": "test/"
                }
            },
            "license": [
                "unlicense"
            ],
            "authors": [
                {
                    "name": "OpenAPI-Generator contributors",
                    "homepage": "https://openapi-generator.tech"
                }
            ],
            "description": "The Inventory API is used to create and manage inventory, and then to publish and manage this inventory on an eBay marketplace. There are also methods in this API that will convert eligible, active eBay listings into the Inventory API model.",
            "homepage": "https://openapi-generator.tech",
            "keywords": [
                "api",
                "openapi",
                "openapi-generator",
                "openapitools",
                "php",
                "rest",
                "sdk"
            ],
            "time": "2021-07-29T15:21:33+00:00"
        },
        {
            "name": "zvps/ebay-sell-listing-php-client",
            "version": "dev-main",
            "source": {
                "type": "git",
                "url": "https://github.com/zvps/ebay-sell-listing-php-client.git",
                "reference": "88dedd2360f8ae08e2c84ef80452e7a10f2a3930"
            },
            "require": {
                "ext-curl": "*",
                "ext-json": "*",
                "ext-mbstring": "*",
                "guzzlehttp/guzzle": "^6.2",
                "php": ">=5.6"
            },
            "require-dev": {
                "friendsofphp/php-cs-fixer": "^2.12",
                "phpunit/phpunit": "^8.0 || ^9.0"
            },
            "type": "library",
            "autoload": {
                "psr-4": {
                    "Ebay\\Sell\\": "lib/"
                }
            },
            "autoload-dev": {
                "psr-4": {
                    "Ebay\\Sell\\Test\\": "test/"
                }
            },
            "license": [
                "unlicense"
            ],
            "authors": [
                {
                    "name": "OpenAPI-Generator contributors",
                    "homepage": "https://openapi-generator.tech"
                }
            ],
            "description": "Note: This is a (Limited Release) API available only to select developers approved by business units. Enables a seller adding an ad or item on a Partner's site to automatically create an eBay listing draft using the item details from the Partner's site.",
            "homepage": "https://openapi-generator.tech",
            "keywords": [
                "api",
                "openapi",
                "openapi-generator",
                "openapitools",
                "php",
                "rest",
                "sdk"
            ],
            "time": "2021-07-29T15:21:48+00:00"
        },
        {
            "name": "zvps/ebay-sell-logistics-php-client",
            "version": "dev-main",
            "source": {
                "type": "git",
                "url": "https://github.com/zvps/ebay-sell-logistics-php-client.git",
                "reference": "366170f827aa80861b740485ae8728240874426e"
            },
            "require": {
                "ext-curl": "*",
                "ext-json": "*",
                "ext-mbstring": "*",
                "guzzlehttp/guzzle": "^6.2",
                "php": ">=5.6"
            },
            "require-dev": {
                "friendsofphp/php-cs-fixer": "^2.12",
                "phpunit/phpunit": "^8.0 || ^9.0"
            },
            "type": "library",
            "autoload": {
                "psr-4": {
                    "Ebay\\Sell\\": "lib/"
                }
            },
            "autoload-dev": {
                "psr-4": {
                    "Ebay\\Sell\\Test\\": "test/"
                }
            },
            "license": [
                "unlicense"
            ],
            "authors": [
                {
                    "name": "OpenAPI-Generator contributors",
                    "homepage": "https://openapi-generator.tech"
                }
            ],
            "description": "Note: This is a (Limited Release) API available only to select developers approved by business units. The Logistics API resources offer the following capabilities: shipping_quote &ndash; Consolidates into a list a set of live shipping rates, or quotes, from which you can select a rate to ship a package. shipment &ndash; Creates a &quot;shipment&quot; for the selected shipping rate. Call createShippingQuote to get a list of live shipping rates. The rates returned are all valid for a specific time window and all quoted prices are at eBay-negotiated rates. Select one of the live rates and using its associated rateId, create a &quot;shipment&quot; for the package by calling createFromShippingQuote. Creating a shipment completes an agreement, and the cost of the base service and any added shipping options are summed into the returned totalShippingCost value. This action also generates a shipping label that you can use to ship the package. The total cost of the shipment is incurred when the package is shipped using the supplied shipping label. Important! Sellers must set up a payment method via their eBay account before they can use the methods in this API to create a shipment and the associated shipping label.",
            "homepage": "https://openapi-generator.tech",
            "keywords": [
                "api",
                "openapi",
                "openapi-generator",
                "openapitools",
                "php",
                "rest",
                "sdk"
            ],
            "time": "2021-07-29T15:22:00+00:00"
        },
        {
            "name": "zvps/ebay-sell-marketing-php-client",
            "version": "dev-main",
            "source": {
                "type": "git",
                "url": "https://github.com/zvps/ebay-sell-marketing-php-client.git",
                "reference": "ad04f1c507f28d4d123ed05e56b78ff26ba4db70"
            },
            "require": {
                "ext-curl": "*",
                "ext-json": "*",
                "ext-mbstring": "*",
                "guzzlehttp/guzzle": "^6.2",
                "php": ">=5.6"
            },
            "require-dev": {
                "friendsofphp/php-cs-fixer": "^2.12",
                "phpunit/phpunit": "^8.0 || ^9.0"
            },
            "type": "library",
            "autoload": {
                "psr-4": {
                    "Ebay\\Sell\\": "lib/"
                }
            },
            "autoload-dev": {
                "psr-4": {
                    "Ebay\\Sell\\Test\\": "test/"
                }
            },
            "license": [
                "unlicense"
            ],
            "authors": [
                {
                    "name": "OpenAPI-Generator contributors",
                    "homepage": "https://openapi-generator.tech"
                }
            ],
            "description": "The Marketing API offers two platforms that sellers can use to promote and advertise their products: Promoted Listings is an eBay ad service that lets sellers set up ad campaigns for the products they want to promote. eBay displays the ads in search results and in other marketing modules as SPONSORED listings. If an item in a Promoted Listings campaign sells, the seller is assessed a Promoted Listings fee, which is a seller-specified percentage applied to the sales price. For complete details, see Promoted Listings. Promotions Manager gives sellers a way to offer discounts on specific items as a way to attract buyers to their inventory. Sellers can set up discounts (such as &quot;20% off&quot; and other types of offers) on specific items or on an entire customer order. To further attract buyers, eBay prominently displays promotion teasers throughout buyer flows. For complete details, see Promotions Manager. Marketing reports, on both the Promoted Listings and Promotions Manager platforms, give sellers information that shows the effectiveness of their marketing strategies. The data gives sellers the ability to review and fine tune their marketing efforts. Important! Sellers must have an active eBay Store subscription, and they must accept the Terms and Conditions before they can make requests to these APIs in the Production environment. There are also site-specific listings requirements and restrictions associated with these marketing tools, as listed in the &quot;requirements and restrictions&quot; sections for Promoted Listings and Promotions Manager. The table below lists all the Marketing API calls grouped by resource.",
            "homepage": "https://openapi-generator.tech",
            "keywords": [
                "api",
                "openapi",
                "openapi-generator",
                "openapitools",
                "php",
                "rest",
                "sdk"
            ],
            "time": "2021-07-29T15:23:16+00:00"
        },
        {
            "name": "zvps/ebay-sell-metadata-php-client",
            "version": "dev-main",
            "source": {
                "type": "git",
                "url": "https://github.com/zvps/ebay-sell-metadata-php-client.git",
                "reference": "f2fae05c61a427716d9202fad211cc097d0ef6af"
            },
            "require": {
                "ext-curl": "*",
                "ext-json": "*",
                "ext-mbstring": "*",
                "guzzlehttp/guzzle": "^6.2",
                "php": ">=5.6"
            },
            "require-dev": {
                "friendsofphp/php-cs-fixer": "^2.12",
                "phpunit/phpunit": "^8.0 || ^9.0"
            },
            "type": "library",
            "autoload": {
                "psr-4": {
                    "Ebay\\Sell\\": "lib/"
                }
            },
            "autoload-dev": {
                "psr-4": {
                    "Ebay\\Sell\\Test\\": "test/"
                }
            },
            "license": [
                "unlicense"
            ],
            "authors": [
                {
                    "name": "OpenAPI-Generator contributors",
                    "homepage": "https://openapi-generator.tech"
                }
            ],
            "description": "The Metadata API has operations that retrieve configuration details pertaining to the different eBay marketplaces. In addition to marketplace information, the API also has operations that get information that helps sellers list items on eBay.",
            "homepage": "https://openapi-generator.tech",
            "keywords": [
                "api",
                "openapi",
                "openapi-generator",
                "openapitools",
                "php",
                "rest",
                "sdk"
            ],
            "time": "2021-07-29T15:23:30+00:00"
        },
        {
            "name": "zvps/ebay-sell-negotiation-php-client",
            "version": "dev-main",
            "source": {
                "type": "git",
                "url": "https://github.com/zvps/ebay-sell-negotiation-php-client.git",
                "reference": "06a7b5fac013fb9b6751f4d78389557e561491a4"
            },
            "require": {
                "ext-curl": "*",
                "ext-json": "*",
                "ext-mbstring": "*",
                "guzzlehttp/guzzle": "^6.2",
                "php": ">=5.6"
            },
            "require-dev": {
                "friendsofphp/php-cs-fixer": "^2.12",
                "phpunit/phpunit": "^8.0 || ^9.0"
            },
            "type": "library",
            "autoload": {
                "psr-4": {
                    "Ebay\\Sell\\": "lib/"
                }
            },
            "autoload-dev": {
                "psr-4": {
                    "Ebay\\Sell\\Test\\": "test/"
                }
            },
            "license": [
                "unlicense"
            ],
            "authors": [
                {
                    "name": "OpenAPI-Generator contributors",
                    "homepage": "https://openapi-generator.tech"
                }
            ],
            "description": "The Negotiations API gives sellers the ability to proactively send discount offers to buyers who have shown an &quot;interest&quot; in their listings. By sending buyers discount offers on listings where they have shown an interest, sellers can increase the velocity of their sales. There are various ways for a buyer to show interest in a listing. For example, if a buyer adds the listing to their Watch list, or if they add the listing to their shopping cart and later abandon the cart, they are deemed to have shown an interest in the listing. In the offers that sellers send, they can discount their listings by either a percentage off the listing price, or they can set a new discounted price that is lower than the original listing price. For details about how seller offers work, see Sending offers to buyers.",
            "homepage": "https://openapi-generator.tech",
            "keywords": [
                "api",
                "openapi",
                "openapi-generator",
                "openapitools",
                "php",
                "rest",
                "sdk"
            ],
            "time": "2021-07-29T15:46:33+00:00"
        },
        {
            "name": "zvps/ebay-sell-recommendation-php-client",
            "version": "dev-main",
            "source": {
                "type": "git",
                "url": "https://github.com/zvps/ebay-sell-recommendation-php-client.git",
                "reference": "59d5dab23bf28346e867e5c52d34faec48daf39b"
            },
            "require": {
                "ext-curl": "*",
                "ext-json": "*",
                "ext-mbstring": "*",
                "guzzlehttp/guzzle": "^6.2",
                "php": ">=5.6"
            },
            "require-dev": {
                "friendsofphp/php-cs-fixer": "^2.12",
                "phpunit/phpunit": "^8.0 || ^9.0"
            },
            "type": "library",
            "autoload": {
                "psr-4": {
                    "Ebay\\Sell\\": "lib/"
                }
            },
            "autoload-dev": {
                "psr-4": {
                    "Ebay\\Sell\\Test\\": "test/"
                }
            },
            "license": [
                "unlicense"
            ],
            "authors": [
                {
                    "name": "OpenAPI-Generator contributors",
                    "homepage": "https://openapi-generator.tech"
                }
            ],
            "description": "The Recommendation API returns information that sellers can use to optimize the configuration of their listings on eBay. Currently, the API contains a single method, findListingRecommendations. This method provides information that sellers can use to configure Promoted Listings ad campaigns to maximize the visibility of their items in the eBay marketplace.",
            "homepage": "https://openapi-generator.tech",
            "keywords": [
                "api",
                "openapi",
                "openapi-generator",
                "openapitools",
                "php",
                "rest",
                "sdk"
            ],
            "time": "2021-07-29T15:59:40+00:00"
        }
    ],
    "packages-dev": [],
    "aliases": [],
    "minimum-stability": "dev",
    "stability-flags": {
        "zvps/ebay-sell-account-php-client": 20,
        "zvps/ebay-sell-analytics-php-client": 20,
        "zvps/ebay-sell-compliance-php-client": 20,
        "zvps/ebay-sell-feed-php-client": 20,
        "zvps/ebay-sell-finances-php-client": 20,
        "zvps/ebay-sell-fulfillment-php-client": 20,
        "zvps/ebay-sell-inventory-php-client": 20,
        "zvps/ebay-sell-listing-php-client": 20,
        "zvps/ebay-sell-logistics-php-client": 20,
        "zvps/ebay-sell-marketing-php-client": 20,
        "zvps/ebay-sell-metadata-php-client": 20,
        "zvps/ebay-sell-negotiation-php-client": 20,
        "zvps/ebay-sell-recommendation-php-client": 20
    },
    "prefer-stable": false,
    "prefer-lowest": false,
    "platform": [],
    "platform-dev": [],
    "plugin-api-version": "1.1.0"
}
